{
    "requires": true,
    "lockfileVersion": 1,
    "dependencies": {
        "bootstrap": {
            "version": "3.3.7",
            "resolved": "http://registry.npm.taobao.org/bootstrap/download/bootstrap-3.3.7.tgz"
        },
        "git": {
            "version": "0.1.5",
            "resolved": "http://registry.npm.taobao.org/git/download/git-0.1.5.tgz",
            "integrity": "sha1-nvYt+T+FHCdUIUO/UtHGixAXyhU=",
            "requires": {
                "mime": "1.2.9"
            }
        },
        "jquery": {
            "version": "3.3.1",
            "resolved": "http://registry.npm.taobao.org/jquery/download/jquery-3.3.1.tgz"
        },
        "mime": {
            "version": "1.2.9",
            "resolved": "http://registry.npm.taobao.org/mime/download/mime-1.2.9.tgz",
            "integrity": "sha1-AJzUCGe9Nd5SGzuWbwTi+NTRPQk="
        }
    }
}